
Microsoft Visual Studio Solution File, Format Version 12.00
# Visual Studio Version 16
VisualStudioVersion = 16.0.29728.190
MinimumVisualStudioVersion = 10.0.40219.1
Project("{FAE04EC0-301F-11D3-BF4B-00C04F79EFBC}") = "K1Rekursija", "K1Rekursija\K1Rekursija.csproj", "{D7B969C6-FBB2-49B9-B071-094AED3E5EC8}"
EndProject
Global
	GlobalSection(SolutionConfigurationPlatforms) = preSolution
		Debug|Any CPU = Debug|Any CPU
		Release|Any CPU = Release|Any CPU
	EndGlobalSection
	GlobalSection(ProjectConfigurationPlatforms) = postSolution
		{D7B969C6-FBB2-49B9-B071-094AED3E5EC8}.Debug|Any CPU.ActiveCfg = Debug|Any CPU
		{D7B969C6-FBB2-49B9-B071-094AED3E5EC8}.Debug|Any CPU.Build.0 = Debug|Any CPU
		{D7B969C6-FBB2-49B9-B071-094AED3E5EC8}.Release|Any CPU.ActiveCfg = Release|Any CPU
		{D7B969C6-FBB2-49B9-B071-094AED3E5EC8}.Release|Any CPU.Build.0 = Release|Any CPU
	EndGlobalSection
	GlobalSection(SolutionProperties) = preSolution
		HideSolutionNode = FALSE
	EndGlobalSection
	GlobalSection(ExtensibilityGlobals) = postSolution
		SolutionGuid = {AFD0E39B-7524-4AD7-80BB-EE4BB068F4AE}
	EndGlobalSection
EndGlobal
